// !$*UTF8*$!
{
	archiveVersion = 1;
	classes = {
	};
	objectVersion = 47;
	objects = {

/* Begin PBXAggregateTarget section */
		847BAF792418E97200D12F0C /* Mutation testing */ = {
			isa = PBXAggregateTarget;
			buildConfigurationList = 847BAF7A2418E97200D12F0C /* Build configuration list for PBXAggregateTarget "Mutation testing" */;
			buildPhases = (
				847BAF7D2418E97600D12F0C /* ShellScript */,
			);
			dependencies = (
			);
			name = "Mutation testing";
			productName = "Mutation testing";
		};
/* End PBXAggregateTarget section */

/* Begin PBXBuildFile section */
		0BAF0E70249906CD00315CC3 /* Game.swift in Sources */ = {isa = PBXBuildFile; fileRef = 2D130AC61BCDA4810099E18F /* Game.swift */; };
		0BAF0E71249906D300315CC3 /* ConsolePrinter.swift in Sources */ = {isa = PBXBuildFile; fileRef = 840A71552417E340000C4F47 /* ConsolePrinter.swift */; };
		0BAF0E7324990C2900315CC3 /* RandomGenerator.swift in Sources */ = {isa = PBXBuildFile; fileRef = 0BAF0E7224990C2900315CC3 /* RandomGenerator.swift */; };
		0BAF0E7424990DAF00315CC3 /* main.swift in Sources */ = {isa = PBXBuildFile; fileRef = 2D130ABF1BCDA46D0099E18F /* main.swift */; };
		0BAF0E7524990DB800315CC3 /* RandomGenerator.swift in Sources */ = {isa = PBXBuildFile; fileRef = 0BAF0E7224990C2900315CC3 /* RandomGenerator.swift */; };
		0BAF0E77249919B300315CC3 /* GoldenMaster.swift in Sources */ = {isa = PBXBuildFile; fileRef = 0BAF0E76249919B300315CC3 /* GoldenMaster.swift */; };
		2D130AC01BCDA46D0099E18F /* main.swift in Sources */ = {isa = PBXBuildFile; fileRef = 2D130ABF1BCDA46D0099E18F /* main.swift */; };
		2D130AC71BCDA4810099E18F /* Game.swift in Sources */ = {isa = PBXBuildFile; fileRef = 2D130AC61BCDA4810099E18F /* Game.swift */; };
		2D130ACF1BCDB7A40099E18F /* TriviaTests.swift in Sources */ = {isa = PBXBuildFile; fileRef = 2D130ACE1BCDB7A40099E18F /* TriviaTests.swift */; };
		80C258C643E9FFDDDAD28F51 /* Pods_TriviaTests.framework in Frameworks */ = {isa = PBXBuildFile; fileRef = 638BF8E9D94778F20520AF4D /* Pods_TriviaTests.framework */; };
		840A71562417E340000C4F47 /* ConsolePrinter.swift in Sources */ = {isa = PBXBuildFile; fileRef = 840A71552417E340000C4F47 /* ConsolePrinter.swift */; };
		C0921D6F1710944AE4CFDE36 /* Pods_Trivia.framework in Frameworks */ = {isa = PBXBuildFile; fileRef = B12C32D9F5ED6070AB83D53A /* Pods_Trivia.framework */; };
/* End PBXBuildFile section */

/* Begin PBXCopyFilesBuildPhase section */
		2D130ABA1BCDA46D0099E18F /* CopyFiles */ = {
			isa = PBXCopyFilesBuildPhase;
			buildActionMask = 2147483647;
			dstPath = /usr/share/man/man1/;
			dstSubfolderSpec = 0;
			files = (
			);
			runOnlyForDeploymentPostprocessing = 1;
		};
/* End PBXCopyFilesBuildPhase section */

/* Begin PBXFileReference section */
		0BAF0E7224990C2900315CC3 /* RandomGenerator.swift */ = {isa = PBXFileReference; lastKnownFileType = sourcecode.swift; path = RandomGenerator.swift; sourceTree = "<group>"; };
		0BAF0E76249919B300315CC3 /* GoldenMaster.swift */ = {isa = PBXFileReference; lastKnownFileType = sourcecode.swift; path = GoldenMaster.swift; sourceTree = "<group>"; };
		2D130ABC1BCDA46D0099E18F /* Trivia */ = {isa = PBXFileReference; explicitFileType = "compiled.mach-o.executable"; includeInIndex = 0; path = Trivia; sourceTree = BUILT_PRODUCTS_DIR; };
		2D130ABF1BCDA46D0099E18F /* main.swift */ = {isa = PBXFileReference; lastKnownFileType = sourcecode.swift; path = main.swift; sourceTree = "<group>"; };
		2D130AC61BCDA4810099E18F /* Game.swift */ = {isa = PBXFileReference; fileEncoding = 4; lastKnownFileType = sourcecode.swift; path = Game.swift; sourceTree = "<group>"; };
		2D130ACC1BCDB7A40099E18F /* TriviaTests.xctest */ = {isa = PBXFileReference; explicitFileType = wrapper.cfbundle; includeInIndex = 0; path = TriviaTests.xctest; sourceTree = BUILT_PRODUCTS_DIR; };
		2D130ACE1BCDB7A40099E18F /* TriviaTests.swift */ = {isa = PBXFileReference; lastKnownFileType = sourcecode.swift; path = TriviaTests.swift; sourceTree = "<group>"; };
		56F4E03EA1F608F74D7FED9F /* Pods-Trivia.release.xcconfig */ = {isa = PBXFileReference; includeInIndex = 1; lastKnownFileType = text.xcconfig; name = "Pods-Trivia.release.xcconfig"; path = "Target Support Files/Pods-Trivia/Pods-Trivia.release.xcconfig"; sourceTree = "<group>"; };
		638BF8E9D94778F20520AF4D /* Pods_TriviaTests.framework */ = {isa = PBXFileReference; explicitFileType = wrapper.framework; includeInIndex = 0; path = Pods_TriviaTests.framework; sourceTree = BUILT_PRODUCTS_DIR; };
		73F6277E57EE4A0091103052 /* Pods-Trivia.debug.xcconfig */ = {isa = PBXFileReference; includeInIndex = 1; lastKnownFileType = text.xcconfig; name = "Pods-Trivia.debug.xcconfig"; path = "Target Support Files/Pods-Trivia/Pods-Trivia.debug.xcconfig"; sourceTree = "<group>"; };
		840A71552417E340000C4F47 /* ConsolePrinter.swift */ = {isa = PBXFileReference; lastKnownFileType = sourcecode.swift; path = ConsolePrinter.swift; sourceTree = "<group>"; };
		A10D1E680CACE4B6C7B8642F /* Pods-TriviaTests.release.xcconfig */ = {isa = PBXFileReference; includeInIndex = 1; lastKnownFileType = text.xcconfig; name = "Pods-TriviaTests.release.xcconfig"; path = "Target Support Files/Pods-TriviaTests/Pods-TriviaTests.release.xcconfig"; sourceTree = "<group>"; };
		B12C32D9F5ED6070AB83D53A /* Pods_Trivia.framework */ = {isa = PBXFileReference; explicitFileType = wrapper.framework; includeInIndex = 0; path = Pods_Trivia.framework; sourceTree = BUILT_PRODUCTS_DIR; };
		E18396C9FB80F6DF77EE378C /* Pods-TriviaTests.debug.xcconfig */ = {isa = PBXFileReference; includeInIndex = 1; lastKnownFileType = text.xcconfig; name = "Pods-TriviaTests.debug.xcconfig"; path = "Target Support Files/Pods-TriviaTests/Pods-TriviaTests.debug.xcconfig"; sourceTree = "<group>"; };
/* End PBXFileReference section */

/* Begin PBXFrameworksBuildPhase section */
		2D130AB91BCDA46D0099E18F /* Frameworks */ = {
			isa = PBXFrameworksBuildPhase;
			buildActionMask = 2147483647;
			files = (
				C0921D6F1710944AE4CFDE36 /* Pods_Trivia.framework in Frameworks */,
			);
			runOnlyForDeploymentPostprocessing = 0;
		};
		2D130AC91BCDB7A40099E18F /* Frameworks */ = {
			isa = PBXFrameworksBuildPhase;
			buildActionMask = 2147483647;
			files = (
				80C258C643E9FFDDDAD28F51 /* Pods_TriviaTests.framework in Frameworks */,
			);
			runOnlyForDeploymentPostprocessing = 0;
		};
/* End PBXFrameworksBuildPhase section */

/* Begin PBXGroup section */
		2D130AB31BCDA46D0099E18F = {
			isa = PBXGroup;
			children = (
				2D130ABE1BCDA46D0099E18F /* Trivia */,
				2D130ACD1BCDB7A40099E18F /* TriviaTests */,
				2D130ABD1BCDA46D0099E18F /* Products */,
				92789A45AB1C4F94BB7AAF5B /* Pods */,
				8FC2A80A5365A0B605539A64 /* Frameworks */,
			);
			sourceTree = "<group>";
		};
		2D130ABD1BCDA46D0099E18F /* Products */ = {
			isa = PBXGroup;
			children = (
				2D130ABC1BCDA46D0099E18F /* Trivia */,
				2D130ACC1BCDB7A40099E18F /* TriviaTests.xctest */,
			);
			name = Products;
			sourceTree = BUILT_PRODUCTS_DIR;
		};
		2D130ABE1BCDA46D0099E18F /* Trivia */ = {
			isa = PBXGroup;
			children = (
				2D130ABF1BCDA46D0099E18F /* main.swift */,
				2D130AC61BCDA4810099E18F /* Game.swift */,
				840A71552417E340000C4F47 /* ConsolePrinter.swift */,
				0BAF0E7224990C2900315CC3 /* RandomGenerator.swift */,
			);
			path = Trivia;
			sourceTree = "<group>";
		};
		2D130ACD1BCDB7A40099E18F /* TriviaTests */ = {
			isa = PBXGroup;
			children = (
				2D130ACE1BCDB7A40099E18F /* TriviaTests.swift */,
				0BAF0E76249919B300315CC3 /* GoldenMaster.swift */,
			);
			path = TriviaTests;
			sourceTree = "<group>";
		};
		8FC2A80A5365A0B605539A64 /* Frameworks */ = {
			isa = PBXGroup;
			children = (
				B12C32D9F5ED6070AB83D53A /* Pods_Trivia.framework */,
				638BF8E9D94778F20520AF4D /* Pods_TriviaTests.framework */,
			);
			name = Frameworks;
			sourceTree = "<group>";
		};
		92789A45AB1C4F94BB7AAF5B /* Pods */ = {
			isa = PBXGroup;
			children = (
				73F6277E57EE4A0091103052 /* Pods-Trivia.debug.xcconfig */,
				56F4E03EA1F608F74D7FED9F /* Pods-Trivia.release.xcconfig */,
				E18396C9FB80F6DF77EE378C /* Pods-TriviaTests.debug.xcconfig */,
				A10D1E680CACE4B6C7B8642F /* Pods-TriviaTests.release.xcconfig */,
			);
			path = Pods;
			sourceTree = "<group>";
		};
/* End PBXGroup section */

/* Begin PBXNativeTarget section */
		2D130ABB1BCDA46D0099E18F /* Trivia */ = {
			isa = PBXNativeTarget;
			buildConfigurationList = 2D130AC31BCDA46D0099E18F /* Build configuration list for PBXNativeTarget "Trivia" */;
			buildPhases = (
				8D70E6809A2226AC7A3C5827 /* [CP] Check Pods Manifest.lock */,
				2D130AB81BCDA46D0099E18F /* Sources */,
				2D130AB91BCDA46D0099E18F /* Frameworks */,
				2D130ABA1BCDA46D0099E18F /* CopyFiles */,
			);
			buildRules = (
			);
			dependencies = (
			);
			name = Trivia;
			productName = Trivia;
			productReference = 2D130ABC1BCDA46D0099E18F /* Trivia */;
			productType = "com.apple.product-type.tool";
		};
		2D130ACB1BCDB7A40099E18F /* TriviaTests */ = {
			isa = PBXNativeTarget;
			buildConfigurationList = 2D130AD11BCDB7A40099E18F /* Build configuration list for PBXNativeTarget "TriviaTests" */;
			buildPhases = (
				65DD0B8DFBF3B6D688F9B624 /* [CP] Check Pods Manifest.lock */,
				2D130AC81BCDB7A40099E18F /* Sources */,
				2D130AC91BCDB7A40099E18F /* Frameworks */,
				2D130ACA1BCDB7A40099E18F /* Resources */,
				D445960FBBE1E3902B8D3CDA /* [CP] Embed Pods Frameworks */,
			);
			buildRules = (
			);
			dependencies = (
			);
			name = TriviaTests;
			productName = TriviaTests;
			productReference = 2D130ACC1BCDB7A40099E18F /* TriviaTests.xctest */;
			productType = "com.apple.product-type.bundle.unit-test";
		};
/* End PBXNativeTarget section */

/* Begin PBXProject section */
		2D130AB41BCDA46D0099E18F /* Project object */ = {
			isa = PBXProject;
			attributes = {
				LastSwiftUpdateCheck = 0710;
				LastUpgradeCheck = 1000;
				ORGANIZATIONNAME = "Legacy Coderetreat";
				TargetAttributes = {
					2D130ABB1BCDA46D0099E18F = {
						CreatedOnToolsVersion = 7.1;
						LastSwiftMigration = 1000;
					};
					2D130ACB1BCDB7A40099E18F = {
						CreatedOnToolsVersion = 7.1;
						LastSwiftMigration = 1000;
					};
					847BAF792418E97200D12F0C = {
						CreatedOnToolsVersion = 11.3.1;
						ProvisioningStyle = Automatic;
					};
				};
			};
			buildConfigurationList = 2D130AB71BCDA46D0099E18F /* Build configuration list for PBXProject "Trivia" */;
			compatibilityVersion = "Xcode 6.3";
			developmentRegion = English;
			hasScannedForEncodings = 0;
			knownRegions = (
				English,
				en,
			);
			mainGroup = 2D130AB31BCDA46D0099E18F;
			productRefGroup = 2D130ABD1BCDA46D0099E18F /* Products */;
			projectDirPath = "";
			projectRoot = "";
			targets = (
				2D130ABB1BCDA46D0099E18F /* Trivia */,
				2D130ACB1BCDB7A40099E18F /* TriviaTests */,
				847BAF792418E97200D12F0C /* Mutation testing */,
			);
		};
/* End PBXProject section */

/* Begin PBXResourcesBuildPhase section */
		2D130ACA1BCDB7A40099E18F /* Resources */ = {
			isa = PBXResourcesBuildPhase;
			buildActionMask = 2147483647;
			files = (
			);
			runOnlyForDeploymentPostprocessing = 0;
		};
/* End PBXResourcesBuildPhase section */

/* Begin PBXShellScriptBuildPhase section */
		65DD0B8DFBF3B6D688F9B624 /* [CP] Check Pods Manifest.lock */ = {
			isa = PBXShellScriptBuildPhase;
			buildActionMask = 2147483647;
			files = (
			);
			inputFileListPaths = (
			);
			inputPaths = (
				"${PODS_PODFILE_DIR_PATH}/Podfile.lock",
				"${PODS_ROOT}/Manifest.lock",
			);
			name = "[CP] Check Pods Manifest.lock";
			outputFileListPaths = (
			);
			outputPaths = (
				"$(DERIVED_FILE_DIR)/Pods-TriviaTests-checkManifestLockResult.txt",
			);
			runOnlyForDeploymentPostprocessing = 0;
			shellPath = /bin/sh;
			shellScript = "diff \"${PODS_PODFILE_DIR_PATH}/Podfile.lock\" \"${PODS_ROOT}/Manifest.lock\" > /dev/null\nif [ $? != 0 ] ; then\n    # print error to STDERR\n    echo \"error: The sandbox is not in sync with the Podfile.lock. Run 'pod install' or update your CocoaPods installation.\" >&2\n    exit 1\nfi\n# This output is used by Xcode 'outputs' to avoid re-running this script phase.\necho \"SUCCESS\" > \"${SCRIPT_OUTPUT_FILE_0}\"\n";
			showEnvVarsInLog = 0;
		};
		847BAF7D2418E97600D12F0C /* ShellScript */ = {
			isa = PBXShellScriptBuildPhase;
			buildActionMask = 2147483647;
			files = (
			);
			inputFileListPaths = (
			);
			inputPaths = (
			);
			outputFileListPaths = (
			);
			outputPaths = (
			);
			runOnlyForDeploymentPostprocessing = 0;
			shellPath = /bin/sh;
			shellScript = "muter --output-xcode\n";
		};
		8D70E6809A2226AC7A3C5827 /* [CP] Check Pods Manifest.lock */ = {
			isa = PBXShellScriptBuildPhase;
			buildActionMask = 2147483647;
			files = (
			);
			inputFileListPaths = (
			);
			inputPaths = (
				"${PODS_PODFILE_DIR_PATH}/Podfile.lock",
				"${PODS_ROOT}/Manifest.lock",
			);
			name = "[CP] Check Pods Manifest.lock";
			outputFileListPaths = (
			);
			outputPaths = (
				"$(DERIVED_FILE_DIR)/Pods-Trivia-checkManifestLockResult.txt",
			);
			runOnlyForDeploymentPostprocessing = 0;
			shellPath = /bin/sh;
			shellScript = "diff \"${PODS_PODFILE_DIR_PATH}/Podfile.lock\" \"${PODS_ROOT}/Manifest.lock\" > /dev/null\nif [ $? != 0 ] ; then\n    # print error to STDERR\n    echo \"error: The sandbox is not in sync with the Podfile.lock. Run 'pod install' or update your CocoaPods installation.\" >&2\n    exit 1\nfi\n# This output is used by Xcode 'outputs' to avoid re-running this script phase.\necho \"SUCCESS\" > \"${SCRIPT_OUTPUT_FILE_0}\"\n";
			showEnvVarsInLog = 0;
		};
		D445960FBBE1E3902B8D3CDA /* [CP] Embed Pods Frameworks */ = {
			isa = PBXShellScriptBuildPhase;
			buildActionMask = 2147483647;
			files = (
			);
			inputPaths = (
				"${PODS_ROOT}/Target Support Files/Pods-TriviaTests/Pods-TriviaTests-frameworks.sh",
				"${BUILT_PRODUCTS_DIR}/ApprovalTests_Swift/ApprovalTests_Swift.framework",
			);
			name = "[CP] Embed Pods Frameworks";
			outputPaths = (
				"${TARGET_BUILD_DIR}/${FRAMEWORKS_FOLDER_PATH}/ApprovalTests_Swift.framework",
			);
			runOnlyForDeploymentPostprocessing = 0;
			shellPath = /bin/sh;
			shellScript = "\"${PODS_ROOT}/Target Support Files/Pods-TriviaTests/Pods-TriviaTests-frameworks.sh\"\n";
			showEnvVarsInLog = 0;
		};
/* End PBXShellScriptBuildPhase section */

/* Begin PBXSourcesBuildPhase section */
		2D130AB81BCDA46D0099E18F /* Sources */ = {
			isa = PBXSourcesBuildPhase;
			buildActionMask = 2147483647;
			files = (
				0BAF0E7324990C2900315CC3 /* RandomGenerator.swift in Sources */,
				840A71562417E340000C4F47 /* ConsolePrinter.swift in Sources */,
				2D130AC01BCDA46D0099E18F /* main.swift in Sources */,
				2D130AC71BCDA4810099E18F /* Game.swift in Sources */,
			);
			runOnlyForDeploymentPostprocessing = 0;
		};
		2D130AC81BCDB7A40099E18F /* Sources */ = {
			isa = PBXSourcesBuildPhase;
			buildActionMask = 2147483647;
			files = (
				2D130ACF1BCDB7A40099E18F /* TriviaTests.swift in Sources */,
				0BAF0E70249906CD00315CC3 /* Game.swift in Sources */,
				0BAF0E7524990DB800315CC3 /* RandomGenerator.swift in Sources */,
				0BAF0E7424990DAF00315CC3 /* main.swift in Sources */,
				0BAF0E71249906D300315CC3 /* ConsolePrinter.swift in Sources */,
				0BAF0E77249919B300315CC3 /* GoldenMaster.swift in Sources */,
			);
			runOnlyForDeploymentPostprocessing = 0;
		};
/* End PBXSourcesBuildPhase section */

/* Begin XCBuildConfiguration section */
		2D130AC11BCDA46D0099E18F /* Debug */ = {
			isa = XCBuildConfiguration;
			buildSettings = {
				ALWAYS_SEARCH_USER_PATHS = NO;
				CLANG_CXX_LANGUAGE_STANDARD = "gnu++0x";
				CLANG_CXX_LIBRARY = "libc++";
				CLANG_ENABLE_MODULES = YES;
				CLANG_ENABLE_OBJC_ARC = YES;
				CLANG_WARN_BLOCK_CAPTURE_AUTORELEASING = YES;
				CLANG_WARN_BOOL_CONVERSION = YES;
				CLANG_WARN_COMMA = YES;
				CLANG_WARN_CONSTANT_CONVERSION = YES;
				CLANG_WARN_DEPRECATED_OBJC_IMPLEMENTATIONS = YES;
				CLANG_WARN_DIRECT_OBJC_ISA_USAGE = YES_ERROR;
				CLANG_WARN_EMPTY_BODY = YES;
				CLANG_WARN_ENUM_CONVERSION = YES;
				CLANG_WARN_INFINITE_RECURSION = YES;
				CLANG_WARN_INT_CONVERSION = YES;
				CLANG_WARN_NON_LITERAL_NULL_CONVERSION = YES;
				CLANG_WARN_OBJC_IMPLICIT_RETAIN_SELF = YES;
				CLANG_WARN_OBJC_LITERAL_CONVERSION = YES;
				CLANG_WARN_OBJC_ROOT_CLASS = YES_ERROR;
				CLANG_WARN_RANGE_LOOP_ANALYSIS = YES;
				CLANG_WARN_STRICT_PROTOTYPES = YES;
				CLANG_WARN_SUSPICIOUS_MOVE = YES;
				CLANG_WARN_UNREACHABLE_CODE = YES;
				CLANG_WARN__DUPLICATE_METHOD_MATCH = YES;
				CODE_SIGN_IDENTITY = "-";
				COPY_PHASE_STRIP = NO;
				DEBUG_INFORMATION_FORMAT = dwarf;
				ENABLE_STRICT_OBJC_MSGSEND = YES;
				ENABLE_TESTABILITY = YES;
				GCC_C_LANGUAGE_STANDARD = gnu99;
				GCC_DYNAMIC_NO_PIC = NO;
				GCC_NO_COMMON_BLOCKS = YES;
				GCC_OPTIMIZATION_LEVEL = 0;
				GCC_PREPROCESSOR_DEFINITIONS = (
					"DEBUG=1",
					"$(inherited)",
				);
				GCC_WARN_64_TO_32_BIT_CONVERSION = YES;
				GCC_WARN_ABOUT_RETURN_TYPE = YES_ERROR;
				GCC_WARN_UNDECLARED_SELECTOR = YES;
				GCC_WARN_UNINITIALIZED_AUTOS = YES_AGGRESSIVE;
				GCC_WARN_UNUSED_FUNCTION = YES;
				GCC_WARN_UNUSED_VARIABLE = YES;
				MACOSX_DEPLOYMENT_TARGET = 10.13;
				MTL_ENABLE_DEBUG_INFO = YES;
				ONLY_ACTIVE_ARCH = YES;
				SDKROOT = macosx;
				SWIFT_OPTIMIZATION_LEVEL = "-Onone";
			};
			name = Debug;
		};
		2D130AC21BCDA46D0099E18F /* Release */ = {
			isa = XCBuildConfiguration;
			buildSettings = {
				ALWAYS_SEARCH_USER_PATHS = NO;
				CLANG_CXX_LANGUAGE_STANDARD = "gnu++0x";
				CLANG_CXX_LIBRARY = "libc++";
				CLANG_ENABLE_MODULES = YES;
				CLANG_ENABLE_OBJC_ARC = YES;
				CLANG_WARN_BLOCK_CAPTURE_AUTORELEASING = YES;
				CLANG_WARN_BOOL_CONVERSION = YES;
				CLANG_WARN_COMMA = YES;
				CLANG_WARN_CONSTANT_CONVERSION = YES;
				CLANG_WARN_DEPRECATED_OBJC_IMPLEMENTATIONS = YES;
				CLANG_WARN_DIRECT_OBJC_ISA_USAGE = YES_ERROR;
				CLANG_WARN_EMPTY_BODY = YES;
				CLANG_WARN_ENUM_CONVERSION = YES;
				CLANG_WARN_INFINITE_RECURSION = YES;
				CLANG_WARN_INT_CONVERSION = YES;
				CLANG_WARN_NON_LITERAL_NULL_CONVERSION = YES;
				CLANG_WARN_OBJC_IMPLICIT_RETAIN_SELF = YES;
				CLANG_WARN_OBJC_LITERAL_CONVERSION = YES;
				CLANG_WARN_OBJC_ROOT_CLASS = YES_ERROR;
				CLANG_WARN_RANGE_LOOP_ANALYSIS = YES;
				CLANG_WARN_STRICT_PROTOTYPES = YES;
				CLANG_WARN_SUSPICIOUS_MOVE = YES;
				CLANG_WARN_UNREACHABLE_CODE = YES;
				CLANG_WARN__DUPLICATE_METHOD_MATCH = YES;
				CODE_SIGN_IDENTITY = "-";
				COPY_PHASE_STRIP = NO;
				DEBUG_INFORMATION_FORMAT = "dwarf-with-dsym";
				ENABLE_NS_ASSERTIONS = NO;
				ENABLE_STRICT_OBJC_MSGSEND = YES;
				GCC_C_LANGUAGE_STANDARD = gnu99;
				GCC_NO_COMMON_BLOCKS = YES;
				GCC_WARN_64_TO_32_BIT_CONVERSION = YES;
				GCC_WARN_ABOUT_RETURN_TYPE = YES_ERROR;
				GCC_WARN_UNDECLARED_SELECTOR = YES;
				GCC_WARN_UNINITIALIZED_AUTOS = YES_AGGRESSIVE;
				GCC_WARN_UNUSED_FUNCTION = YES;
				GCC_WARN_UNUSED_VARIABLE = YES;
				MACOSX_DEPLOYMENT_TARGET = 10.13;
				MTL_ENABLE_DEBUG_INFO = NO;
				SDKROOT = macosx;
				SWIFT_COMPILATION_MODE = wholemodule;
			};
			name = Release;
		};
		2D130AC41BCDA46D0099E18F /* Debug */ = {
			isa = XCBuildConfiguration;
			baseConfigurationReference = 73F6277E57EE4A0091103052 /* Pods-Trivia.debug.xcconfig */;
			buildSettings = {
				PRODUCT_NAME = "$(TARGET_NAME)";
				SWIFT_VERSION = 4.2;
			};
			name = Debug;
		};
		2D130AC51BCDA46D0099E18F /* Release */ = {
			isa = XCBuildConfiguration;
			baseConfigurationReference = 56F4E03EA1F608F74D7FED9F /* Pods-Trivia.release.xcconfig */;
			buildSettings = {
				PRODUCT_NAME = "$(TARGET_NAME)";
				SWIFT_VERSION = 4.2;
			};
			name = Release;
		};
		2D130AD21BCDB7A40099E18F /* Debug */ = {
			isa = XCBuildConfiguration;
			baseConfigurationReference = E18396C9FB80F6DF77EE378C /* Pods-TriviaTests.debug.xcconfig */;
			buildSettings = {
				COMBINE_HIDPI_IMAGES = YES;
				INFOPLIST_FILE = TriviaTests/Info.plist;
				LD_RUNPATH_SEARCH_PATHS = "$(inherited) @executable_path/../Frameworks @loader_path/../Frameworks";
				PRODUCT_BUNDLE_IDENTIFIER = com.adaptionsoft.TriviaTests;
				PRODUCT_NAME = "$(TARGET_NAME)";
				SWIFT_VERSION = 4.2;
			};
			name = Debug;
		};
		2D130AD31BCDB7A40099E18F /* Release */ = {
			isa = XCBuildConfiguration;
			baseConfigurationReference = A10D1E680CACE4B6C7B8642F /* Pods-TriviaTests.release.xcconfig */;
			buildSettings = {
				COMBINE_HIDPI_IMAGES = YES;
				INFOPLIST_FILE = TriviaTests/Info.plist;
				LD_RUNPATH_SEARCH_PATHS = "$(inherited) @executable_path/../Frameworks @loader_path/../Frameworks";
				PRODUCT_BUNDLE_IDENTIFIER = com.adaptionsoft.TriviaTests;
				PRODUCT_NAME = "$(TARGET_NAME)";
				SWIFT_VERSION = 4.2;
			};
			name = Release;
		};
		847BAF7B2418E97200D12F0C /* Debug */ = {
			isa = XCBuildConfiguration;
			buildSettings = {
				CODE_SIGN_STYLE = Automatic;
				PRODUCT_NAME = "$(TARGET_NAME)";
			};
			name = Debug;
		};
		847BAF7C2418E97200D12F0C /* Release */ = {
			isa = XCBuildConfiguration;
			buildSettings = {
				CODE_SIGN_STYLE = Automatic;
				PRODUCT_NAME = "$(TARGET_NAME)";
			};
			name = Release;
		};
/* End XCBuildConfiguration section */

/* Begin XCConfigurationList section */
		2D130AB71BCDA46D0099E18F /* Build configuration list for PBXProject "Trivia" */ = {
			isa = XCConfigurationList;
			buildConfigurations = (
				2D130AC11BCDA46D0099E18F /* Debug */,
				2D130AC21BCDA46D0099E18F /* Release */,
			);
			defaultConfigurationIsVisible = 0;
			defaultConfigurationName = Release;
		};
		2D130AC31BCDA46D0099E18F /* Build configuration list for PBXNativeTarget "Trivia" */ = {
			isa = XCConfigurationList;
			buildConfigurations = (
				2D130AC41BCDA46D0099E18F /* Debug */,
				2D130AC51BCDA46D0099E18F /* Release */,
			);
			defaultConfigurationIsVisible = 0;
			defaultConfigurationName = Release;
		};
		2D130AD11BCDB7A40099E18F /* Build configuration list for PBXNativeTarget "TriviaTests" */ = {
			isa = XCConfigurationList;
			buildConfigurations = (
				2D130AD21BCDB7A40099E18F /* Debug */,
				2D130AD31BCDB7A40099E18F /* Release */,
			);
			defaultConfigurationIsVisible = 0;
			defaultConfigurationName = Release;
		};
		847BAF7A2418E97200D12F0C /* Build configuration list for PBXAggregateTarget "Mutation testing" */ = {
			isa = XCConfigurationList;
			buildConfigurations = (
				847BAF7B2418E97200D12F0C /* Debug */,
				847BAF7C2418E97200D12F0C /* Release */,
			);
			defaultConfigurationIsVisible = 0;
			defaultConfigurationName = Release;
		};
/* End XCConfigurationList section */
	};
	rootObject = 2D130AB41BCDA46D0099E18F /* Project object */;
}
